
Microsoft Visual Studio Solution File, Format Version 12.00
# Visual Studio Version 16
VisualStudioVersion = 16.0.31005.135
MinimumVisualStudioVersion = 10.0.40219.1
Project("{FAE04EC0-301F-11D3-BF4B-00C04F79EFBC}") = "ConsoleApplication7", "ConsoleApplication7.csproj", "{4ADFC4D8-B2BA-4022-BA6F-BF4AAC11CCE6}"
EndProject
Global
	GlobalSection(SolutionConfigurationPlatforms) = preSolution
		Debug|Any CPU = Debug|Any CPU
		Release|Any CPU = Release|Any CPU
	EndGlobalSection
	GlobalSection(ProjectConfigurationPlatforms) = postSolution
		{4ADFC4D8-B2BA-4022-BA6F-BF4AAC11CCE6}.Debug|Any CPU.ActiveCfg = Debug|Any CPU
		{4ADFC4D8-B2BA-4022-BA6F-BF4AAC11CCE6}.Debug|Any CPU.Build.0 = Debug|Any CPU
		{4ADFC4D8-B2BA-4022-BA6F-BF4AAC11CCE6}.Release|Any CPU.ActiveCfg = Release|Any CPU
		{4ADFC4D8-B2BA-4022-BA6F-BF4AAC11CCE6}.Release|Any CPU.Build.0 = Release|Any CPU
	EndGlobalSection
	GlobalSection(SolutionProperties) = preSolution
		HideSolutionNode = FALSE
	EndGlobalSection
	GlobalSection(ExtensibilityGlobals) = postSolution
		SolutionGuid = {E0B309B0-A025-4D1E-8A57-F7FC90CC0CBA}
	EndGlobalSection
EndGlobal
